
Microsoft Visual Studio Solution File, Format Version 12.00
# Visual Studio Version 17
VisualStudioVersion = 17.8.34004.107
MinimumVisualStudioVersion = 10.0.40219.1
Project("{FAE04EC0-301F-11D3-BF4B-00C04F79EFBC}") = "Coffee.eShop", "Coffee.eShop\Coffee.eShop.csproj", "{6E3C83E6-0FB0-49F0-863E-CB5C6612F67A}"
EndProject
Global
	GlobalSection(SolutionConfigurationPlatforms) = preSolution
		Debug|Any CPU = Debug|Any CPU
		Release|Any CPU = Release|Any CPU
	EndGlobalSection
	GlobalSection(ProjectConfigurationPlatforms) = postSolution
		{6E3C83E6-0FB0-49F0-863E-CB5C6612F67A}.Debug|Any CPU.ActiveCfg = Debug|Any CPU
		{6E3C83E6-0FB0-49F0-863E-CB5C6612F67A}.Debug|Any CPU.Build.0 = Debug|Any CPU
		{6E3C83E6-0FB0-49F0-863E-CB5C6612F67A}.Release|Any CPU.ActiveCfg = Release|Any CPU
		{6E3C83E6-0FB0-49F0-863E-CB5C6612F67A}.Release|Any CPU.Build.0 = Release|Any CPU
	EndGlobalSection
	GlobalSection(SolutionProperties) = preSolution
		HideSolutionNode = FALSE
	EndGlobalSection
	GlobalSection(ExtensibilityGlobals) = postSolution
		SolutionGuid = {573D38B6-7EF6-4296-B4E9-3F7A49D9E007}
	EndGlobalSection
EndGlobal
