
Microsoft Visual Studio Solution File, Format Version 12.00
# Visual Studio Version 17
VisualStudioVersion = 17.8.34004.107
MinimumVisualStudioVersion = 10.0.40219.1
Project("{FAE04EC0-301F-11D3-BF4B-00C04F79EFBC}") = "Resorts.Web", "Resorts.Web\Resorts.Web.csproj", "{D6A1A026-9084-45F7-9035-7660C7BE41BD}"
EndProject
Global
	GlobalSection(SolutionConfigurationPlatforms) = preSolution
		Debug|Any CPU = Debug|Any CPU
		Release|Any CPU = Release|Any CPU
	EndGlobalSection
	GlobalSection(ProjectConfigurationPlatforms) = postSolution
		{D6A1A026-9084-45F7-9035-7660C7BE41BD}.Debug|Any CPU.ActiveCfg = Debug|Any CPU
		{D6A1A026-9084-45F7-9035-7660C7BE41BD}.Debug|Any CPU.Build.0 = Debug|Any CPU
		{D6A1A026-9084-45F7-9035-7660C7BE41BD}.Release|Any CPU.ActiveCfg = Release|Any CPU
		{D6A1A026-9084-45F7-9035-7660C7BE41BD}.Release|Any CPU.Build.0 = Release|Any CPU
	EndGlobalSection
	GlobalSection(SolutionProperties) = preSolution
		HideSolutionNode = FALSE
	EndGlobalSection
	GlobalSection(ExtensibilityGlobals) = postSolution
		SolutionGuid = {58DD271A-33B1-4033-80BA-9363B4A6423A}
	EndGlobalSection
EndGlobal
