
Microsoft Visual Studio Solution File, Format Version 12.00
# Visual Studio Version 17
VisualStudioVersion = 17.8.34004.107
MinimumVisualStudioVersion = 10.0.40219.1
Project("{9A19103F-16F7-4668-BE54-9A1E7A4F7556}") = "AzSearchSemanticDemo", "AzSearchSemanticDemo\AzSearchSemanticDemo.csproj", "{9A4A7B44-27B7-462F-8EC4-CC1E4046D293}"
EndProject
Project("{9A19103F-16F7-4668-BE54-9A1E7A4F7556}") = "AzSearchFullTextDemo", "AzSearchFullTextDemo\AzSearchFullTextDemo.csproj", "{0AEA2C46-CF04-49DB-A51D-992C83489755}"
EndProject
Global
	GlobalSection(SolutionConfigurationPlatforms) = preSolution
		Debug|Any CPU = Debug|Any CPU
		Release|Any CPU = Release|Any CPU
	EndGlobalSection
	GlobalSection(ProjectConfigurationPlatforms) = postSolution
		{9A4A7B44-27B7-462F-8EC4-CC1E4046D293}.Debug|Any CPU.ActiveCfg = Debug|Any CPU
		{9A4A7B44-27B7-462F-8EC4-CC1E4046D293}.Debug|Any CPU.Build.0 = Debug|Any CPU
		{9A4A7B44-27B7-462F-8EC4-CC1E4046D293}.Release|Any CPU.ActiveCfg = Release|Any CPU
		{9A4A7B44-27B7-462F-8EC4-CC1E4046D293}.Release|Any CPU.Build.0 = Release|Any CPU
		{0AEA2C46-CF04-49DB-A51D-992C83489755}.Debug|Any CPU.ActiveCfg = Debug|Any CPU
		{0AEA2C46-CF04-49DB-A51D-992C83489755}.Debug|Any CPU.Build.0 = Debug|Any CPU
		{0AEA2C46-CF04-49DB-A51D-992C83489755}.Release|Any CPU.ActiveCfg = Release|Any CPU
		{0AEA2C46-CF04-49DB-A51D-992C83489755}.Release|Any CPU.Build.0 = Release|Any CPU
	EndGlobalSection
	GlobalSection(SolutionProperties) = preSolution
		HideSolutionNode = FALSE
	EndGlobalSection
	GlobalSection(ExtensibilityGlobals) = postSolution
		SolutionGuid = {41C8C0AC-63BE-4CCA-B92E-52A11F42C061}
	EndGlobalSection
EndGlobal
